
Microsoft Visual Studio Solution File, Format Version 12.00
# Visual Studio Version 17
VisualStudioVersion = 17.4.33213.308
MinimumVisualStudioVersion = 10.0.40219.1
Project("{9A19103F-16F7-4668-BE54-9A1E7A4F7556}") = "DNDT", "DNDT\DNDT.csproj", "{AB6CD6C4-0AE8-47AE-ADD8-D73F9125AED0}"
EndProject
Global
	GlobalSection(SolutionConfigurationPlatforms) = preSolution
		Debug|Any CPU = Debug|Any CPU
		Release|Any CPU = Release|Any CPU
	EndGlobalSection
	GlobalSection(ProjectConfigurationPlatforms) = postSolution
		{AB6CD6C4-0AE8-47AE-ADD8-D73F9125AED0}.Debug|Any CPU.ActiveCfg = Debug|Any CPU
		{AB6CD6C4-0AE8-47AE-ADD8-D73F9125AED0}.Debug|Any CPU.Build.0 = Debug|Any CPU
		{AB6CD6C4-0AE8-47AE-ADD8-D73F9125AED0}.Release|Any CPU.ActiveCfg = Release|Any CPU
		{AB6CD6C4-0AE8-47AE-ADD8-D73F9125AED0}.Release|Any CPU.Build.0 = Release|Any CPU
	EndGlobalSection
	GlobalSection(SolutionProperties) = preSolution
		HideSolutionNode = FALSE
	EndGlobalSection
	GlobalSection(ExtensibilityGlobals) = postSolution
		SolutionGuid = {3D51868E-81DD-45E0-8483-9FB5C2966E83}
	EndGlobalSection
EndGlobal
